
Microsoft Visual Studio Solution File, Format Version 12.00
# Visual Studio 15
VisualStudioVersion = 15.0.28307.168
MinimumVisualStudioVersion = 10.0.40219.1
Project("{FAE04EC0-301F-11D3-BF4B-00C04F79EFBC}") = "task2", "task2\task2.csproj", "{70E30C9A-78AB-4175-B5BC-FBAC0393F38E}"
EndProject
Global
	GlobalSection(SolutionConfigurationPlatforms) = preSolution
		Debug|Any CPU = Debug|Any CPU
		Release|Any CPU = Release|Any CPU
	EndGlobalSection
	GlobalSection(ProjectConfigurationPlatforms) = postSolution
		{70E30C9A-78AB-4175-B5BC-FBAC0393F38E}.Debug|Any CPU.ActiveCfg = Debug|Any CPU
		{70E30C9A-78AB-4175-B5BC-FBAC0393F38E}.Debug|Any CPU.Build.0 = Debug|Any CPU
		{70E30C9A-78AB-4175-B5BC-FBAC0393F38E}.Release|Any CPU.ActiveCfg = Release|Any CPU
		{70E30C9A-78AB-4175-B5BC-FBAC0393F38E}.Release|Any CPU.Build.0 = Release|Any CPU
	EndGlobalSection
	GlobalSection(SolutionProperties) = preSolution
		HideSolutionNode = FALSE
	EndGlobalSection
	GlobalSection(ExtensibilityGlobals) = postSolution
		SolutionGuid = {695C8A0A-9964-4064-AE5C-050BB174ACA5}
	EndGlobalSection
EndGlobal
